
Microsoft Visual Studio Solution File, Format Version 12.00
# Visual Studio 2013
VisualStudioVersion = 12.0.20617.1 PREVIEW
MinimumVisualStudioVersion = 10.0.40219.1
Project("{FAE04EC0-301F-11D3-BF4B-00C04F79EFBC}") = "TOTP.App", "TOTP.App\TOTP.App.csproj", "{16C57AFE-2A53-4EA3-9870-8EB2991345D3}"
EndProject
Project("{FAE04EC0-301F-11D3-BF4B-00C04F79EFBC}") = "TOTP.Lib", "TOTP.Lib\TOTP.Lib.csproj", "{9FF44D9E-96DD-4E8C-985B-DAAEDABBFD2F}"
EndProject
Project("{FAE04EC0-301F-11D3-BF4B-00C04F79EFBC}") = "TOTP.UnitTest", "TOTP.UnitTest\TOTP.UnitTest.csproj", "{EB31A996-883B-4CD9-A4F4-D46063E008D4}"
EndProject
Global
	GlobalSection(SolutionConfigurationPlatforms) = preSolution
		Debug|Any CPU = Debug|Any CPU
		Release|Any CPU = Release|Any CPU
	EndGlobalSection
	GlobalSection(ProjectConfigurationPlatforms) = postSolution
		{16C57AFE-2A53-4EA3-9870-8EB2991345D3}.Debug|Any CPU.ActiveCfg = Debug|Any CPU
		{16C57AFE-2A53-4EA3-9870-8EB2991345D3}.Debug|Any CPU.Build.0 = Debug|Any CPU
		{16C57AFE-2A53-4EA3-9870-8EB2991345D3}.Release|Any CPU.ActiveCfg = Release|Any CPU
		{16C57AFE-2A53-4EA3-9870-8EB2991345D3}.Release|Any CPU.Build.0 = Release|Any CPU
		{9FF44D9E-96DD-4E8C-985B-DAAEDABBFD2F}.Debug|Any CPU.ActiveCfg = Debug|Any CPU
		{9FF44D9E-96DD-4E8C-985B-DAAEDABBFD2F}.Debug|Any CPU.Build.0 = Debug|Any CPU
		{9FF44D9E-96DD-4E8C-985B-DAAEDABBFD2F}.Release|Any CPU.ActiveCfg = Release|Any CPU
		{9FF44D9E-96DD-4E8C-985B-DAAEDABBFD2F}.Release|Any CPU.Build.0 = Release|Any CPU
		{EB31A996-883B-4CD9-A4F4-D46063E008D4}.Debug|Any CPU.ActiveCfg = Debug|Any CPU
		{EB31A996-883B-4CD9-A4F4-D46063E008D4}.Debug|Any CPU.Build.0 = Debug|Any CPU
		{EB31A996-883B-4CD9-A4F4-D46063E008D4}.Release|Any CPU.ActiveCfg = Release|Any CPU
		{EB31A996-883B-4CD9-A4F4-D46063E008D4}.Release|Any CPU.Build.0 = Release|Any CPU
	EndGlobalSection
	GlobalSection(SolutionProperties) = preSolution
		HideSolutionNode = FALSE
	EndGlobalSection
EndGlobal
